
Microsoft Visual Studio Solution File, Format Version 12.00
# Visual Studio Version 16
VisualStudioVersion = 16.0.32802.440
MinimumVisualStudioVersion = 10.0.40219.1
Project("{8BC9CEB8-8B4A-11D0-8D11-00A0C91BC942}") = "Lesson2_1", "Lesson2_1\Lesson2_1.vcxproj", "{57B7D245-A3DC-42E5-B6DB-6EB4B9A0158B}"
EndProject
Project("{8BC9CEB8-8B4A-11D0-8D11-00A0C91BC942}") = "Lesson2_2", "Lesson2_2\Lesson2_2.vcxproj", "{EC3CE9D4-6493-403E-A79E-287C42FA6303}"
EndProject
Project("{8BC9CEB8-8B4A-11D0-8D11-00A0C91BC942}") = "Lesson2_2hw1", "Lesson2_2hw1\Lesson2_2hw1.vcxproj", "{C21A1746-4057-4316-9E46-E55A98B5B6B6}"
EndProject
Project("{8BC9CEB8-8B4A-11D0-8D11-00A0C91BC942}") = "Lesson2_2hw2", "Lesson2_2hw2\Lesson2_2hw2.vcxproj", "{25FB448D-6DA3-4D91-A3E6-045926CE54D9}"
EndProject
Project("{8BC9CEB8-8B4A-11D0-8D11-00A0C91BC942}") = "Lesson2_3", "Lesson2_3\Lesson2_3.vcxproj", "{40E40E0E-6044-4602-8594-8B3363D9742B}"
EndProject
Project("{8BC9CEB8-8B4A-11D0-8D11-00A0C91BC942}") = "Lesson2_3hw1", "Lesson2_3hw1\Lesson2_3hw1.vcxproj", "{5E2AFD1A-E02C-4A4B-ADC9-D19A3A7CFD3B}"
EndProject
Project("{8BC9CEB8-8B4A-11D0-8D11-00A0C91BC942}") = "Lesson2_3hw2", "Lesson2_3hw2\Lesson2_3hw2.vcxproj", "{B83117A3-098A-4712-AA6C-15120EC529EC}"
EndProject
Project("{8BC9CEB8-8B4A-11D0-8D11-00A0C91BC942}") = "Lesson2_4", "Lesson2_4\Lesson2_4.vcxproj", "{0F2B155F-832A-479D-86C1-516A463EBB58}"
EndProject
Project("{8BC9CEB8-8B4A-11D0-8D11-00A0C91BC942}") = "Lesson2_5", "Lesson2_5\Lesson2_5.vcxproj", "{B2B3B2BA-8BCF-489C-8F63-10F3A5B562D0}"
EndProject
Project("{8BC9CEB8-8B4A-11D0-8D11-00A0C91BC942}") = "Lesson2_6", "Lesson2_6\Lesson2_6.vcxproj", "{D2040383-8052-4684-B6CB-3D4D3637EABD}"
EndProject
Project("{8BC9CEB8-8B4A-11D0-8D11-00A0C91BC942}") = "Lesson2_6Work", "Lesson2_6Work\Lesson2_6Work.vcxproj", "{7CEE5F59-1C94-420F-932B-400E4CA5E6D4}"
EndProject
Project("{8BC9CEB8-8B4A-11D0-8D11-00A0C91BC942}") = "Lesson2HW", "Lesson2HW\Lesson2HW.vcxproj", "{5C087AF1-5BEC-45F3-A756-5DEBF8A0F99A}"
EndProject
Global
	GlobalSection(SolutionConfigurationPlatforms) = preSolution
		Debug|x64 = Debug|x64
		Debug|x86 = Debug|x86
		Release|x64 = Release|x64
		Release|x86 = Release|x86
	EndGlobalSection
	GlobalSection(ProjectConfigurationPlatforms) = postSolution
		{57B7D245-A3DC-42E5-B6DB-6EB4B9A0158B}.Debug|x64.ActiveCfg = Debug|x64
		{57B7D245-A3DC-42E5-B6DB-6EB4B9A0158B}.Debug|x64.Build.0 = Debug|x64
		{57B7D245-A3DC-42E5-B6DB-6EB4B9A0158B}.Debug|x86.ActiveCfg = Debug|Win32
		{57B7D245-A3DC-42E5-B6DB-6EB4B9A0158B}.Debug|x86.Build.0 = Debug|Win32
		{57B7D245-A3DC-42E5-B6DB-6EB4B9A0158B}.Release|x64.ActiveCfg = Release|x64
		{57B7D245-A3DC-42E5-B6DB-6EB4B9A0158B}.Release|x64.Build.0 = Release|x64
		{57B7D245-A3DC-42E5-B6DB-6EB4B9A0158B}.Release|x86.ActiveCfg = Release|Win32
		{57B7D245-A3DC-42E5-B6DB-6EB4B9A0158B}.Release|x86.Build.0 = Release|Win32
		{EC3CE9D4-6493-403E-A79E-287C42FA6303}.Debug|x64.ActiveCfg = Debug|x64
		{EC3CE9D4-6493-403E-A79E-287C42FA6303}.Debug|x64.Build.0 = Debug|x64
		{EC3CE9D4-6493-403E-A79E-287C42FA6303}.Debug|x86.ActiveCfg = Debug|Win32
		{EC3CE9D4-6493-403E-A79E-287C42FA6303}.Debug|x86.Build.0 = Debug|Win32
		{EC3CE9D4-6493-403E-A79E-287C42FA6303}.Release|x64.ActiveCfg = Release|x64
		{EC3CE9D4-6493-403E-A79E-287C42FA6303}.Release|x64.Build.0 = Release|x64
		{EC3CE9D4-6493-403E-A79E-287C42FA6303}.Release|x86.ActiveCfg = Release|Win32
		{EC3CE9D4-6493-403E-A79E-287C42FA6303}.Release|x86.Build.0 = Release|Win32
		{C21A1746-4057-4316-9E46-E55A98B5B6B6}.Debug|x64.ActiveCfg = Debug|x64
		{C21A1746-4057-4316-9E46-E55A98B5B6B6}.Debug|x64.Build.0 = Debug|x64
		{C21A1746-4057-4316-9E46-E55A98B5B6B6}.Debug|x86.ActiveCfg = Debug|Win32
		{C21A1746-4057-4316-9E46-E55A98B5B6B6}.Debug|x86.Build.0 = Debug|Win32
		{C21A1746-4057-4316-9E46-E55A98B5B6B6}.Release|x64.ActiveCfg = Release|x64
		{C21A1746-4057-4316-9E46-E55A98B5B6B6}.Release|x64.Build.0 = Release|x64
		{C21A1746-4057-4316-9E46-E55A98B5B6B6}.Release|x86.ActiveCfg = Release|Win32
		{C21A1746-4057-4316-9E46-E55A98B5B6B6}.Release|x86.Build.0 = Release|Win32
		{25FB448D-6DA3-4D91-A3E6-045926CE54D9}.Debug|x64.ActiveCfg = Debug|x64
		{25FB448D-6DA3-4D91-A3E6-045926CE54D9}.Debug|x64.Build.0 = Debug|x64
		{25FB448D-6DA3-4D91-A3E6-045926CE54D9}.Debug|x86.ActiveCfg = Debug|Win32
		{25FB448D-6DA3-4D91-A3E6-045926CE54D9}.Debug|x86.Build.0 = Debug|Win32
		{25FB448D-6DA3-4D91-A3E6-045926CE54D9}.Release|x64.ActiveCfg = Release|x64
		{25FB448D-6DA3-4D91-A3E6-045926CE54D9}.Release|x64.Build.0 = Release|x64
		{25FB448D-6DA3-4D91-A3E6-045926CE54D9}.Release|x86.ActiveCfg = Release|Win32
		{25FB448D-6DA3-4D91-A3E6-045926CE54D9}.Release|x86.Build.0 = Release|Win32
		{40E40E0E-6044-4602-8594-8B3363D9742B}.Debug|x64.ActiveCfg = Debug|x64
		{40E40E0E-6044-4602-8594-8B3363D9742B}.Debug|x64.Build.0 = Debug|x64
		{40E40E0E-6044-4602-8594-8B3363D9742B}.Debug|x86.ActiveCfg = Debug|Win32
		{40E40E0E-6044-4602-8594-8B3363D9742B}.Debug|x86.Build.0 = Debug|Win32
		{40E40E0E-6044-4602-8594-8B3363D9742B}.Release|x64.ActiveCfg = Release|x64
		{40E40E0E-6044-4602-8594-8B3363D9742B}.Release|x64.Build.0 = Release|x64
		{40E40E0E-6044-4602-8594-8B3363D9742B}.Release|x86.ActiveCfg = Release|Win32
		{40E40E0E-6044-4602-8594-8B3363D9742B}.Release|x86.Build.0 = Release|Win32
		{5E2AFD1A-E02C-4A4B-ADC9-D19A3A7CFD3B}.Debug|x64.ActiveCfg = Debug|x64
		{5E2AFD1A-E02C-4A4B-ADC9-D19A3A7CFD3B}.Debug|x64.Build.0 = Debug|x64
		{5E2AFD1A-E02C-4A4B-ADC9-D19A3A7CFD3B}.Debug|x86.ActiveCfg = Debug|Win32
		{5E2AFD1A-E02C-4A4B-ADC9-D19A3A7CFD3B}.Debug|x86.Build.0 = Debug|Win32
		{5E2AFD1A-E02C-4A4B-ADC9-D19A3A7CFD3B}.Release|x64.ActiveCfg = Release|x64
		{5E2AFD1A-E02C-4A4B-ADC9-D19A3A7CFD3B}.Release|x64.Build.0 = Release|x64
		{5E2AFD1A-E02C-4A4B-ADC9-D19A3A7CFD3B}.Release|x86.ActiveCfg = Release|Win32
		{5E2AFD1A-E02C-4A4B-ADC9-D19A3A7CFD3B}.Release|x86.Build.0 = Release|Win32
		{B83117A3-098A-4712-AA6C-15120EC529EC}.Debug|x64.ActiveCfg = Debug|x64
		{B83117A3-098A-4712-AA6C-15120EC529EC}.Debug|x64.Build.0 = Debug|x64
		{B83117A3-098A-4712-AA6C-15120EC529EC}.Debug|x86.ActiveCfg = Debug|Win32
		{B83117A3-098A-4712-AA6C-15120EC529EC}.Debug|x86.Build.0 = Debug|Win32
		{B83117A3-098A-4712-AA6C-15120EC529EC}.Release|x64.ActiveCfg = Release|x64
		{B83117A3-098A-4712-AA6C-15120EC529EC}.Release|x64.Build.0 = Release|x64
		{B83117A3-098A-4712-AA6C-15120EC529EC}.Release|x86.ActiveCfg = Release|Win32
		{B83117A3-098A-4712-AA6C-15120EC529EC}.Release|x86.Build.0 = Release|Win32
		{0F2B155F-832A-479D-86C1-516A463EBB58}.Debug|x64.ActiveCfg = Debug|x64
		{0F2B155F-832A-479D-86C1-516A463EBB58}.Debug|x64.Build.0 = Debug|x64
		{0F2B155F-832A-479D-86C1-516A463EBB58}.Debug|x86.ActiveCfg = Debug|Win32
		{0F2B155F-832A-479D-86C1-516A463EBB58}.Debug|x86.Build.0 = Debug|Win32
		{0F2B155F-832A-479D-86C1-516A463EBB58}.Release|x64.ActiveCfg = Release|x64
		{0F2B155F-832A-479D-86C1-516A463EBB58}.Release|x64.Build.0 = Release|x64
		{0F2B155F-832A-479D-86C1-516A463EBB58}.Release|x86.ActiveCfg = Release|Win32
		{0F2B155F-832A-479D-86C1-516A463EBB58}.Release|x86.Build.0 = Release|Win32
		{B2B3B2BA-8BCF-489C-8F63-10F3A5B562D0}.Debug|x64.ActiveCfg = Debug|x64
		{B2B3B2BA-8BCF-489C-8F63-10F3A5B562D0}.Debug|x64.Build.0 = Debug|x64
		{B2B3B2BA-8BCF-489C-8F63-10F3A5B562D0}.Debug|x86.ActiveCfg = Debug|Win32
		{B2B3B2BA-8BCF-489C-8F63-10F3A5B562D0}.Debug|x86.Build.0 = Debug|Win32
		{B2B3B2BA-8BCF-489C-8F63-10F3A5B562D0}.Release|x64.ActiveCfg = Release|x64
		{B2B3B2BA-8BCF-489C-8F63-10F3A5B562D0}.Release|x64.Build.0 = Release|x64
		{B2B3B2BA-8BCF-489C-8F63-10F3A5B562D0}.Release|x86.ActiveCfg = Release|Win32
		{B2B3B2BA-8BCF-489C-8F63-10F3A5B562D0}.Release|x86.Build.0 = Release|Win32
		{D2040383-8052-4684-B6CB-3D4D3637EABD}.Debug|x64.ActiveCfg = Debug|x64
		{D2040383-8052-4684-B6CB-3D4D3637EABD}.Debug|x64.Build.0 = Debug|x64
		{D2040383-8052-4684-B6CB-3D4D3637EABD}.Debug|x86.ActiveCfg = Debug|Win32
		{D2040383-8052-4684-B6CB-3D4D3637EABD}.Debug|x86.Build.0 = Debug|Win32
		{D2040383-8052-4684-B6CB-3D4D3637EABD}.Release|x64.ActiveCfg = Release|x64
		{D2040383-8052-4684-B6CB-3D4D3637EABD}.Release|x64.Build.0 = Release|x64
		{D2040383-8052-4684-B6CB-3D4D3637EABD}.Release|x86.ActiveCfg = Release|Win32
		{D2040383-8052-4684-B6CB-3D4D3637EABD}.Release|x86.Build.0 = Release|Win32
		{7CEE5F59-1C94-420F-932B-400E4CA5E6D4}.Debug|x64.ActiveCfg = Debug|x64
		{7CEE5F59-1C94-420F-932B-400E4CA5E6D4}.Debug|x64.Build.0 = Debug|x64
		{7CEE5F59-1C94-420F-932B-400E4CA5E6D4}.Debug|x86.ActiveCfg = Debug|Win32
		{7CEE5F59-1C94-420F-932B-400E4CA5E6D4}.Debug|x86.Build.0 = Debug|Win32
		{7CEE5F59-1C94-420F-932B-400E4CA5E6D4}.Release|x64.ActiveCfg = Release|x64
		{7CEE5F59-1C94-420F-932B-400E4CA5E6D4}.Release|x64.Build.0 = Release|x64
		{7CEE5F59-1C94-420F-932B-400E4CA5E6D4}.Release|x86.ActiveCfg = Release|Win32
		{7CEE5F59-1C94-420F-932B-400E4CA5E6D4}.Release|x86.Build.0 = Release|Win32
		{5C087AF1-5BEC-45F3-A756-5DEBF8A0F99A}.Debug|x64.ActiveCfg = Debug|x64
		{5C087AF1-5BEC-45F3-A756-5DEBF8A0F99A}.Debug|x64.Build.0 = Debug|x64
		{5C087AF1-5BEC-45F3-A756-5DEBF8A0F99A}.Debug|x86.ActiveCfg = Debug|Win32
		{5C087AF1-5BEC-45F3-A756-5DEBF8A0F99A}.Debug|x86.Build.0 = Debug|Win32
		{5C087AF1-5BEC-45F3-A756-5DEBF8A0F99A}.Release|x64.ActiveCfg = Release|x64
		{5C087AF1-5BEC-45F3-A756-5DEBF8A0F99A}.Release|x64.Build.0 = Release|x64
		{5C087AF1-5BEC-45F3-A756-5DEBF8A0F99A}.Release|x86.ActiveCfg = Release|Win32
		{5C087AF1-5BEC-45F3-A756-5DEBF8A0F99A}.Release|x86.Build.0 = Release|Win32
	EndGlobalSection
	GlobalSection(SolutionProperties) = preSolution
		HideSolutionNode = FALSE
	EndGlobalSection
	GlobalSection(ExtensibilityGlobals) = postSolution
		SolutionGuid = {42B0F1A7-B7D1-4F59-A655-2A776396E01E}
	EndGlobalSection
EndGlobal
