
Microsoft Visual Studio Solution File, Format Version 12.00
# Visual Studio Version 17
VisualStudioVersion = 17.4.33122.133
MinimumVisualStudioVersion = 10.0.40219.1
Project("{8BC9CEB8-8B4A-11D0-8D11-00A0C91BC942}") = "Lesson4_1", "Lesson4_1\Lesson4_1.vcxproj", "{BFA249BB-C3D4-4ECE-BC88-640CC6147008}"
EndProject
Project("{8BC9CEB8-8B4A-11D0-8D11-00A0C91BC942}") = "Lesson4_2", "Lesson4_2\Lesson4_2.vcxproj", "{8B0E5F41-F066-4D2C-A0E7-279B0F7A5ACD}"
EndProject
Project("{8BC9CEB8-8B4A-11D0-8D11-00A0C91BC942}") = "Lesson4_3", "Lesson4_3\Lesson4_3.vcxproj", "{E8B4AC86-1C16-4DE8-9BFF-98C0F12B8B7B}"
EndProject
Project("{8BC9CEB8-8B4A-11D0-8D11-00A0C91BC942}") = "Lesson4_2_hw", "Lesson4_2_hw\Lesson4_2_hw.vcxproj", "{C60177B8-2514-416B-AD6B-B8D9862B52E9}"
EndProject
Project("{8BC9CEB8-8B4A-11D0-8D11-00A0C91BC942}") = "Lesson4_4", "Lesson4_4\Lesson4_4.vcxproj", "{E04831D8-B5A2-4FE5-98D4-9D8DB4ADA114}"
EndProject
Project("{8BC9CEB8-8B4A-11D0-8D11-00A0C91BC942}") = "Lesson4_5", "Lesson4_5\Lesson4_5.vcxproj", "{F4804CCE-33F0-42AF-BF6C-9E41A7D2CB29}"
EndProject
Project("{8BC9CEB8-8B4A-11D0-8D11-00A0C91BC942}") = "Lesson4_6", "Lesson4_6\Lesson4_6.vcxproj", "{7A7AC6B5-81DF-4124-90C2-0B5831178141}"
EndProject
Project("{8BC9CEB8-8B4A-11D0-8D11-00A0C91BC942}") = "Lesson4_6_practic", "Lesson4_6_practic\Lesson4_6_practic.vcxproj", "{C7F6EEE5-548E-49DB-92DB-E0304DBCC634}"
EndProject
Project("{8BC9CEB8-8B4A-11D0-8D11-00A0C91BC942}") = "Lesson4_6_pr2", "Lesson4_6_pr2\Lesson4_6_pr2.vcxproj", "{87A20358-EC45-4D7F-A5F0-E78230070555}"
EndProject
Project("{8BC9CEB8-8B4A-11D0-8D11-00A0C91BC942}") = "Lesson4_7", "Lesson4_7\Lesson4_7.vcxproj", "{44B246A8-0501-4779-9C71-2F82CD8FF1E1}"
EndProject
Project("{8BC9CEB8-8B4A-11D0-8D11-00A0C91BC942}") = "Lesson4_7_2", "Lesson4_7_2\Lesson4_7_2.vcxproj", "{555EE847-3241-4C4F-8795-0599B99C1835}"
EndProject
Global
	GlobalSection(SolutionConfigurationPlatforms) = preSolution
		Debug|x64 = Debug|x64
		Debug|x86 = Debug|x86
		Release|x64 = Release|x64
		Release|x86 = Release|x86
	EndGlobalSection
	GlobalSection(ProjectConfigurationPlatforms) = postSolution
		{BFA249BB-C3D4-4ECE-BC88-640CC6147008}.Debug|x64.ActiveCfg = Debug|x64
		{BFA249BB-C3D4-4ECE-BC88-640CC6147008}.Debug|x64.Build.0 = Debug|x64
		{BFA249BB-C3D4-4ECE-BC88-640CC6147008}.Debug|x86.ActiveCfg = Debug|Win32
		{BFA249BB-C3D4-4ECE-BC88-640CC6147008}.Debug|x86.Build.0 = Debug|Win32
		{BFA249BB-C3D4-4ECE-BC88-640CC6147008}.Release|x64.ActiveCfg = Release|x64
		{BFA249BB-C3D4-4ECE-BC88-640CC6147008}.Release|x64.Build.0 = Release|x64
		{BFA249BB-C3D4-4ECE-BC88-640CC6147008}.Release|x86.ActiveCfg = Release|Win32
		{BFA249BB-C3D4-4ECE-BC88-640CC6147008}.Release|x86.Build.0 = Release|Win32
		{8B0E5F41-F066-4D2C-A0E7-279B0F7A5ACD}.Debug|x64.ActiveCfg = Debug|x64
		{8B0E5F41-F066-4D2C-A0E7-279B0F7A5ACD}.Debug|x64.Build.0 = Debug|x64
		{8B0E5F41-F066-4D2C-A0E7-279B0F7A5ACD}.Debug|x86.ActiveCfg = Debug|Win32
		{8B0E5F41-F066-4D2C-A0E7-279B0F7A5ACD}.Debug|x86.Build.0 = Debug|Win32
		{8B0E5F41-F066-4D2C-A0E7-279B0F7A5ACD}.Release|x64.ActiveCfg = Release|x64
		{8B0E5F41-F066-4D2C-A0E7-279B0F7A5ACD}.Release|x64.Build.0 = Release|x64
		{8B0E5F41-F066-4D2C-A0E7-279B0F7A5ACD}.Release|x86.ActiveCfg = Release|Win32
		{8B0E5F41-F066-4D2C-A0E7-279B0F7A5ACD}.Release|x86.Build.0 = Release|Win32
		{E8B4AC86-1C16-4DE8-9BFF-98C0F12B8B7B}.Debug|x64.ActiveCfg = Debug|x64
		{E8B4AC86-1C16-4DE8-9BFF-98C0F12B8B7B}.Debug|x64.Build.0 = Debug|x64
		{E8B4AC86-1C16-4DE8-9BFF-98C0F12B8B7B}.Debug|x86.ActiveCfg = Debug|Win32
		{E8B4AC86-1C16-4DE8-9BFF-98C0F12B8B7B}.Debug|x86.Build.0 = Debug|Win32
		{E8B4AC86-1C16-4DE8-9BFF-98C0F12B8B7B}.Release|x64.ActiveCfg = Release|x64
		{E8B4AC86-1C16-4DE8-9BFF-98C0F12B8B7B}.Release|x64.Build.0 = Release|x64
		{E8B4AC86-1C16-4DE8-9BFF-98C0F12B8B7B}.Release|x86.ActiveCfg = Release|Win32
		{E8B4AC86-1C16-4DE8-9BFF-98C0F12B8B7B}.Release|x86.Build.0 = Release|Win32
		{C60177B8-2514-416B-AD6B-B8D9862B52E9}.Debug|x64.ActiveCfg = Debug|x64
		{C60177B8-2514-416B-AD6B-B8D9862B52E9}.Debug|x64.Build.0 = Debug|x64
		{C60177B8-2514-416B-AD6B-B8D9862B52E9}.Debug|x86.ActiveCfg = Debug|Win32
		{C60177B8-2514-416B-AD6B-B8D9862B52E9}.Debug|x86.Build.0 = Debug|Win32
		{C60177B8-2514-416B-AD6B-B8D9862B52E9}.Release|x64.ActiveCfg = Release|x64
		{C60177B8-2514-416B-AD6B-B8D9862B52E9}.Release|x64.Build.0 = Release|x64
		{C60177B8-2514-416B-AD6B-B8D9862B52E9}.Release|x86.ActiveCfg = Release|Win32
		{C60177B8-2514-416B-AD6B-B8D9862B52E9}.Release|x86.Build.0 = Release|Win32
		{E04831D8-B5A2-4FE5-98D4-9D8DB4ADA114}.Debug|x64.ActiveCfg = Debug|x64
		{E04831D8-B5A2-4FE5-98D4-9D8DB4ADA114}.Debug|x64.Build.0 = Debug|x64
		{E04831D8-B5A2-4FE5-98D4-9D8DB4ADA114}.Debug|x86.ActiveCfg = Debug|Win32
		{E04831D8-B5A2-4FE5-98D4-9D8DB4ADA114}.Debug|x86.Build.0 = Debug|Win32
		{E04831D8-B5A2-4FE5-98D4-9D8DB4ADA114}.Release|x64.ActiveCfg = Release|x64
		{E04831D8-B5A2-4FE5-98D4-9D8DB4ADA114}.Release|x64.Build.0 = Release|x64
		{E04831D8-B5A2-4FE5-98D4-9D8DB4ADA114}.Release|x86.ActiveCfg = Release|Win32
		{E04831D8-B5A2-4FE5-98D4-9D8DB4ADA114}.Release|x86.Build.0 = Release|Win32
		{F4804CCE-33F0-42AF-BF6C-9E41A7D2CB29}.Debug|x64.ActiveCfg = Debug|x64
		{F4804CCE-33F0-42AF-BF6C-9E41A7D2CB29}.Debug|x64.Build.0 = Debug|x64
		{F4804CCE-33F0-42AF-BF6C-9E41A7D2CB29}.Debug|x86.ActiveCfg = Debug|Win32
		{F4804CCE-33F0-42AF-BF6C-9E41A7D2CB29}.Debug|x86.Build.0 = Debug|Win32
		{F4804CCE-33F0-42AF-BF6C-9E41A7D2CB29}.Release|x64.ActiveCfg = Release|x64
		{F4804CCE-33F0-42AF-BF6C-9E41A7D2CB29}.Release|x64.Build.0 = Release|x64
		{F4804CCE-33F0-42AF-BF6C-9E41A7D2CB29}.Release|x86.ActiveCfg = Release|Win32
		{F4804CCE-33F0-42AF-BF6C-9E41A7D2CB29}.Release|x86.Build.0 = Release|Win32
		{7A7AC6B5-81DF-4124-90C2-0B5831178141}.Debug|x64.ActiveCfg = Debug|x64
		{7A7AC6B5-81DF-4124-90C2-0B5831178141}.Debug|x64.Build.0 = Debug|x64
		{7A7AC6B5-81DF-4124-90C2-0B5831178141}.Debug|x86.ActiveCfg = Debug|Win32
		{7A7AC6B5-81DF-4124-90C2-0B5831178141}.Debug|x86.Build.0 = Debug|Win32
		{7A7AC6B5-81DF-4124-90C2-0B5831178141}.Release|x64.ActiveCfg = Release|x64
		{7A7AC6B5-81DF-4124-90C2-0B5831178141}.Release|x64.Build.0 = Release|x64
		{7A7AC6B5-81DF-4124-90C2-0B5831178141}.Release|x86.ActiveCfg = Release|Win32
		{7A7AC6B5-81DF-4124-90C2-0B5831178141}.Release|x86.Build.0 = Release|Win32
		{C7F6EEE5-548E-49DB-92DB-E0304DBCC634}.Debug|x64.ActiveCfg = Debug|x64
		{C7F6EEE5-548E-49DB-92DB-E0304DBCC634}.Debug|x64.Build.0 = Debug|x64
		{C7F6EEE5-548E-49DB-92DB-E0304DBCC634}.Debug|x86.ActiveCfg = Debug|Win32
		{C7F6EEE5-548E-49DB-92DB-E0304DBCC634}.Debug|x86.Build.0 = Debug|Win32
		{C7F6EEE5-548E-49DB-92DB-E0304DBCC634}.Release|x64.ActiveCfg = Release|x64
		{C7F6EEE5-548E-49DB-92DB-E0304DBCC634}.Release|x64.Build.0 = Release|x64
		{C7F6EEE5-548E-49DB-92DB-E0304DBCC634}.Release|x86.ActiveCfg = Release|Win32
		{C7F6EEE5-548E-49DB-92DB-E0304DBCC634}.Release|x86.Build.0 = Release|Win32
		{87A20358-EC45-4D7F-A5F0-E78230070555}.Debug|x64.ActiveCfg = Debug|x64
		{87A20358-EC45-4D7F-A5F0-E78230070555}.Debug|x64.Build.0 = Debug|x64
		{87A20358-EC45-4D7F-A5F0-E78230070555}.Debug|x86.ActiveCfg = Debug|Win32
		{87A20358-EC45-4D7F-A5F0-E78230070555}.Debug|x86.Build.0 = Debug|Win32
		{87A20358-EC45-4D7F-A5F0-E78230070555}.Release|x64.ActiveCfg = Release|x64
		{87A20358-EC45-4D7F-A5F0-E78230070555}.Release|x64.Build.0 = Release|x64
		{87A20358-EC45-4D7F-A5F0-E78230070555}.Release|x86.ActiveCfg = Release|Win32
		{87A20358-EC45-4D7F-A5F0-E78230070555}.Release|x86.Build.0 = Release|Win32
		{44B246A8-0501-4779-9C71-2F82CD8FF1E1}.Debug|x64.ActiveCfg = Debug|x64
		{44B246A8-0501-4779-9C71-2F82CD8FF1E1}.Debug|x64.Build.0 = Debug|x64
		{44B246A8-0501-4779-9C71-2F82CD8FF1E1}.Debug|x86.ActiveCfg = Debug|Win32
		{44B246A8-0501-4779-9C71-2F82CD8FF1E1}.Debug|x86.Build.0 = Debug|Win32
		{44B246A8-0501-4779-9C71-2F82CD8FF1E1}.Release|x64.ActiveCfg = Release|x64
		{44B246A8-0501-4779-9C71-2F82CD8FF1E1}.Release|x64.Build.0 = Release|x64
		{44B246A8-0501-4779-9C71-2F82CD8FF1E1}.Release|x86.ActiveCfg = Release|Win32
		{44B246A8-0501-4779-9C71-2F82CD8FF1E1}.Release|x86.Build.0 = Release|Win32
		{555EE847-3241-4C4F-8795-0599B99C1835}.Debug|x64.ActiveCfg = Debug|x64
		{555EE847-3241-4C4F-8795-0599B99C1835}.Debug|x64.Build.0 = Debug|x64
		{555EE847-3241-4C4F-8795-0599B99C1835}.Debug|x86.ActiveCfg = Debug|Win32
		{555EE847-3241-4C4F-8795-0599B99C1835}.Debug|x86.Build.0 = Debug|Win32
		{555EE847-3241-4C4F-8795-0599B99C1835}.Release|x64.ActiveCfg = Release|x64
		{555EE847-3241-4C4F-8795-0599B99C1835}.Release|x64.Build.0 = Release|x64
		{555EE847-3241-4C4F-8795-0599B99C1835}.Release|x86.ActiveCfg = Release|Win32
		{555EE847-3241-4C4F-8795-0599B99C1835}.Release|x86.Build.0 = Release|Win32
	EndGlobalSection
	GlobalSection(SolutionProperties) = preSolution
		HideSolutionNode = FALSE
	EndGlobalSection
	GlobalSection(ExtensibilityGlobals) = postSolution
		SolutionGuid = {E52A331B-6525-47D0-B4AE-12DEB4268022}
	EndGlobalSection
EndGlobal
