
Microsoft Visual Studio Solution File, Format Version 12.00
# Visual Studio Version 16
VisualStudioVersion = 16.0.32802.440
MinimumVisualStudioVersion = 10.0.40219.1
Project("{8BC9CEB8-8B4A-11D0-8D11-00A0C91BC942}") = "Lesson1_1", "Lesson1_1\Lesson1_1.vcxproj", "{C0225A30-F932-4026-9388-4DE49A4F82AD}"
EndProject
Project("{8BC9CEB8-8B4A-11D0-8D11-00A0C91BC942}") = "Lesson1_2", "Lesson1_2\Lesson1_2.vcxproj", "{3A821363-D3DE-452C-ABFB-937D35DDC3A3}"
EndProject
Project("{8BC9CEB8-8B4A-11D0-8D11-00A0C91BC942}") = "Lesson1_3", "Lesson1_3\Lesson1_3.vcxproj", "{E1392E16-FC2D-4CC0-AA16-E10B39D0F9AA}"
EndProject
Project("{8BC9CEB8-8B4A-11D0-8D11-00A0C91BC942}") = "Lesson1_4", "Lesson1_4\Lesson1_4.vcxproj", "{7C1837D5-402F-4228-BB8B-50AF74206DEE}"
EndProject
Project("{8BC9CEB8-8B4A-11D0-8D11-00A0C91BC942}") = "Lesson1_5", "Lesson1_5\Lesson1_5.vcxproj", "{2349C660-3126-4B84-994D-61A76E553B3B}"
EndProject
Project("{8BC9CEB8-8B4A-11D0-8D11-00A0C91BC942}") = "Lesson1_5_1", "Lesson1_5_1\Lesson1_5_1.vcxproj", "{C50BE24A-18E5-4DA1-A7F8-E323ED7B809B}"
EndProject
Project("{8BC9CEB8-8B4A-11D0-8D11-00A0C91BC942}") = "Lesson1_5_2", "Lesson1_5_2\Lesson1_5_2.vcxproj", "{BA47CC9E-BDE3-49EF-B156-CE0EF32D10E5}"
EndProject
Project("{8BC9CEB8-8B4A-11D0-8D11-00A0C91BC942}") = "Lesson1_6", "Lesson1_6\Lesson1_6.vcxproj", "{4D9DF656-E12C-4C8A-9B69-8C5343CDC368}"
EndProject
Project("{8BC9CEB8-8B4A-11D0-8D11-00A0C91BC942}") = "Lesson1_6_1", "Lesson1_6_1\Lesson1_6_1.vcxproj", "{F6754E5B-8566-4AF0-9906-A51483B17FD8}"
EndProject
Project("{8BC9CEB8-8B4A-11D0-8D11-00A0C91BC942}") = "Lesson1_7", "Lesson1_7\Lesson1_7.vcxproj", "{DB1977BB-AB94-4108-8936-A755907498A0}"
EndProject
Project("{8BC9CEB8-8B4A-11D0-8D11-00A0C91BC942}") = "Lesson1_8", "Lesson1_8\Lesson1_8.vcxproj", "{526ABBD6-8B5B-4EF8-A348-E140000AE04B}"
EndProject
Project("{8BC9CEB8-8B4A-11D0-8D11-00A0C91BC942}") = "Lesson1_8_1", "Lesson1_8_1\Lesson1_8_1.vcxproj", "{B387458B-275A-4D9A-9D73-A6CD5B8F7B2A}"
EndProject
Project("{8BC9CEB8-8B4A-11D0-8D11-00A0C91BC942}") = "Lesson1_9HW", "Lesson1_9HW\Lesson1_9HW.vcxproj", "{D613615A-6E32-48BD-8F41-C8B64A722E07}"
EndProject
Global
	GlobalSection(SolutionConfigurationPlatforms) = preSolution
		Debug|x64 = Debug|x64
		Debug|x86 = Debug|x86
		Release|x64 = Release|x64
		Release|x86 = Release|x86
	EndGlobalSection
	GlobalSection(ProjectConfigurationPlatforms) = postSolution
		{C0225A30-F932-4026-9388-4DE49A4F82AD}.Debug|x64.ActiveCfg = Debug|x64
		{C0225A30-F932-4026-9388-4DE49A4F82AD}.Debug|x64.Build.0 = Debug|x64
		{C0225A30-F932-4026-9388-4DE49A4F82AD}.Debug|x86.ActiveCfg = Debug|Win32
		{C0225A30-F932-4026-9388-4DE49A4F82AD}.Debug|x86.Build.0 = Debug|Win32
		{C0225A30-F932-4026-9388-4DE49A4F82AD}.Release|x64.ActiveCfg = Release|x64
		{C0225A30-F932-4026-9388-4DE49A4F82AD}.Release|x64.Build.0 = Release|x64
		{C0225A30-F932-4026-9388-4DE49A4F82AD}.Release|x86.ActiveCfg = Release|Win32
		{C0225A30-F932-4026-9388-4DE49A4F82AD}.Release|x86.Build.0 = Release|Win32
		{3A821363-D3DE-452C-ABFB-937D35DDC3A3}.Debug|x64.ActiveCfg = Debug|x64
		{3A821363-D3DE-452C-ABFB-937D35DDC3A3}.Debug|x64.Build.0 = Debug|x64
		{3A821363-D3DE-452C-ABFB-937D35DDC3A3}.Debug|x86.ActiveCfg = Debug|Win32
		{3A821363-D3DE-452C-ABFB-937D35DDC3A3}.Debug|x86.Build.0 = Debug|Win32
		{3A821363-D3DE-452C-ABFB-937D35DDC3A3}.Release|x64.ActiveCfg = Release|x64
		{3A821363-D3DE-452C-ABFB-937D35DDC3A3}.Release|x64.Build.0 = Release|x64
		{3A821363-D3DE-452C-ABFB-937D35DDC3A3}.Release|x86.ActiveCfg = Release|Win32
		{3A821363-D3DE-452C-ABFB-937D35DDC3A3}.Release|x86.Build.0 = Release|Win32
		{E1392E16-FC2D-4CC0-AA16-E10B39D0F9AA}.Debug|x64.ActiveCfg = Debug|x64
		{E1392E16-FC2D-4CC0-AA16-E10B39D0F9AA}.Debug|x64.Build.0 = Debug|x64
		{E1392E16-FC2D-4CC0-AA16-E10B39D0F9AA}.Debug|x86.ActiveCfg = Debug|Win32
		{E1392E16-FC2D-4CC0-AA16-E10B39D0F9AA}.Debug|x86.Build.0 = Debug|Win32
		{E1392E16-FC2D-4CC0-AA16-E10B39D0F9AA}.Release|x64.ActiveCfg = Release|x64
		{E1392E16-FC2D-4CC0-AA16-E10B39D0F9AA}.Release|x64.Build.0 = Release|x64
		{E1392E16-FC2D-4CC0-AA16-E10B39D0F9AA}.Release|x86.ActiveCfg = Release|Win32
		{E1392E16-FC2D-4CC0-AA16-E10B39D0F9AA}.Release|x86.Build.0 = Release|Win32
		{7C1837D5-402F-4228-BB8B-50AF74206DEE}.Debug|x64.ActiveCfg = Debug|x64
		{7C1837D5-402F-4228-BB8B-50AF74206DEE}.Debug|x64.Build.0 = Debug|x64
		{7C1837D5-402F-4228-BB8B-50AF74206DEE}.Debug|x86.ActiveCfg = Debug|Win32
		{7C1837D5-402F-4228-BB8B-50AF74206DEE}.Debug|x86.Build.0 = Debug|Win32
		{7C1837D5-402F-4228-BB8B-50AF74206DEE}.Release|x64.ActiveCfg = Release|x64
		{7C1837D5-402F-4228-BB8B-50AF74206DEE}.Release|x64.Build.0 = Release|x64
		{7C1837D5-402F-4228-BB8B-50AF74206DEE}.Release|x86.ActiveCfg = Release|Win32
		{7C1837D5-402F-4228-BB8B-50AF74206DEE}.Release|x86.Build.0 = Release|Win32
		{2349C660-3126-4B84-994D-61A76E553B3B}.Debug|x64.ActiveCfg = Debug|x64
		{2349C660-3126-4B84-994D-61A76E553B3B}.Debug|x64.Build.0 = Debug|x64
		{2349C660-3126-4B84-994D-61A76E553B3B}.Debug|x86.ActiveCfg = Debug|Win32
		{2349C660-3126-4B84-994D-61A76E553B3B}.Debug|x86.Build.0 = Debug|Win32
		{2349C660-3126-4B84-994D-61A76E553B3B}.Release|x64.ActiveCfg = Release|x64
		{2349C660-3126-4B84-994D-61A76E553B3B}.Release|x64.Build.0 = Release|x64
		{2349C660-3126-4B84-994D-61A76E553B3B}.Release|x86.ActiveCfg = Release|Win32
		{2349C660-3126-4B84-994D-61A76E553B3B}.Release|x86.Build.0 = Release|Win32
		{C50BE24A-18E5-4DA1-A7F8-E323ED7B809B}.Debug|x64.ActiveCfg = Debug|x64
		{C50BE24A-18E5-4DA1-A7F8-E323ED7B809B}.Debug|x64.Build.0 = Debug|x64
		{C50BE24A-18E5-4DA1-A7F8-E323ED7B809B}.Debug|x86.ActiveCfg = Debug|Win32
		{C50BE24A-18E5-4DA1-A7F8-E323ED7B809B}.Debug|x86.Build.0 = Debug|Win32
		{C50BE24A-18E5-4DA1-A7F8-E323ED7B809B}.Release|x64.ActiveCfg = Release|x64
		{C50BE24A-18E5-4DA1-A7F8-E323ED7B809B}.Release|x64.Build.0 = Release|x64
		{C50BE24A-18E5-4DA1-A7F8-E323ED7B809B}.Release|x86.ActiveCfg = Release|Win32
		{C50BE24A-18E5-4DA1-A7F8-E323ED7B809B}.Release|x86.Build.0 = Release|Win32
		{BA47CC9E-BDE3-49EF-B156-CE0EF32D10E5}.Debug|x64.ActiveCfg = Debug|x64
		{BA47CC9E-BDE3-49EF-B156-CE0EF32D10E5}.Debug|x64.Build.0 = Debug|x64
		{BA47CC9E-BDE3-49EF-B156-CE0EF32D10E5}.Debug|x86.ActiveCfg = Debug|Win32
		{BA47CC9E-BDE3-49EF-B156-CE0EF32D10E5}.Debug|x86.Build.0 = Debug|Win32
		{BA47CC9E-BDE3-49EF-B156-CE0EF32D10E5}.Release|x64.ActiveCfg = Release|x64
		{BA47CC9E-BDE3-49EF-B156-CE0EF32D10E5}.Release|x64.Build.0 = Release|x64
		{BA47CC9E-BDE3-49EF-B156-CE0EF32D10E5}.Release|x86.ActiveCfg = Release|Win32
		{BA47CC9E-BDE3-49EF-B156-CE0EF32D10E5}.Release|x86.Build.0 = Release|Win32
		{4D9DF656-E12C-4C8A-9B69-8C5343CDC368}.Debug|x64.ActiveCfg = Debug|x64
		{4D9DF656-E12C-4C8A-9B69-8C5343CDC368}.Debug|x64.Build.0 = Debug|x64
		{4D9DF656-E12C-4C8A-9B69-8C5343CDC368}.Debug|x86.ActiveCfg = Debug|Win32
		{4D9DF656-E12C-4C8A-9B69-8C5343CDC368}.Debug|x86.Build.0 = Debug|Win32
		{4D9DF656-E12C-4C8A-9B69-8C5343CDC368}.Release|x64.ActiveCfg = Release|x64
		{4D9DF656-E12C-4C8A-9B69-8C5343CDC368}.Release|x64.Build.0 = Release|x64
		{4D9DF656-E12C-4C8A-9B69-8C5343CDC368}.Release|x86.ActiveCfg = Release|Win32
		{4D9DF656-E12C-4C8A-9B69-8C5343CDC368}.Release|x86.Build.0 = Release|Win32
		{F6754E5B-8566-4AF0-9906-A51483B17FD8}.Debug|x64.ActiveCfg = Debug|x64
		{F6754E5B-8566-4AF0-9906-A51483B17FD8}.Debug|x64.Build.0 = Debug|x64
		{F6754E5B-8566-4AF0-9906-A51483B17FD8}.Debug|x86.ActiveCfg = Debug|Win32
		{F6754E5B-8566-4AF0-9906-A51483B17FD8}.Debug|x86.Build.0 = Debug|Win32
		{F6754E5B-8566-4AF0-9906-A51483B17FD8}.Release|x64.ActiveCfg = Release|x64
		{F6754E5B-8566-4AF0-9906-A51483B17FD8}.Release|x64.Build.0 = Release|x64
		{F6754E5B-8566-4AF0-9906-A51483B17FD8}.Release|x86.ActiveCfg = Release|Win32
		{F6754E5B-8566-4AF0-9906-A51483B17FD8}.Release|x86.Build.0 = Release|Win32
		{DB1977BB-AB94-4108-8936-A755907498A0}.Debug|x64.ActiveCfg = Debug|x64
		{DB1977BB-AB94-4108-8936-A755907498A0}.Debug|x64.Build.0 = Debug|x64
		{DB1977BB-AB94-4108-8936-A755907498A0}.Debug|x86.ActiveCfg = Debug|Win32
		{DB1977BB-AB94-4108-8936-A755907498A0}.Debug|x86.Build.0 = Debug|Win32
		{DB1977BB-AB94-4108-8936-A755907498A0}.Release|x64.ActiveCfg = Release|x64
		{DB1977BB-AB94-4108-8936-A755907498A0}.Release|x64.Build.0 = Release|x64
		{DB1977BB-AB94-4108-8936-A755907498A0}.Release|x86.ActiveCfg = Release|Win32
		{DB1977BB-AB94-4108-8936-A755907498A0}.Release|x86.Build.0 = Release|Win32
		{526ABBD6-8B5B-4EF8-A348-E140000AE04B}.Debug|x64.ActiveCfg = Debug|x64
		{526ABBD6-8B5B-4EF8-A348-E140000AE04B}.Debug|x64.Build.0 = Debug|x64
		{526ABBD6-8B5B-4EF8-A348-E140000AE04B}.Debug|x86.ActiveCfg = Debug|Win32
		{526ABBD6-8B5B-4EF8-A348-E140000AE04B}.Debug|x86.Build.0 = Debug|Win32
		{526ABBD6-8B5B-4EF8-A348-E140000AE04B}.Release|x64.ActiveCfg = Release|x64
		{526ABBD6-8B5B-4EF8-A348-E140000AE04B}.Release|x64.Build.0 = Release|x64
		{526ABBD6-8B5B-4EF8-A348-E140000AE04B}.Release|x86.ActiveCfg = Release|Win32
		{526ABBD6-8B5B-4EF8-A348-E140000AE04B}.Release|x86.Build.0 = Release|Win32
		{B387458B-275A-4D9A-9D73-A6CD5B8F7B2A}.Debug|x64.ActiveCfg = Debug|x64
		{B387458B-275A-4D9A-9D73-A6CD5B8F7B2A}.Debug|x64.Build.0 = Debug|x64
		{B387458B-275A-4D9A-9D73-A6CD5B8F7B2A}.Debug|x86.ActiveCfg = Debug|Win32
		{B387458B-275A-4D9A-9D73-A6CD5B8F7B2A}.Debug|x86.Build.0 = Debug|Win32
		{B387458B-275A-4D9A-9D73-A6CD5B8F7B2A}.Release|x64.ActiveCfg = Release|x64
		{B387458B-275A-4D9A-9D73-A6CD5B8F7B2A}.Release|x64.Build.0 = Release|x64
		{B387458B-275A-4D9A-9D73-A6CD5B8F7B2A}.Release|x86.ActiveCfg = Release|Win32
		{B387458B-275A-4D9A-9D73-A6CD5B8F7B2A}.Release|x86.Build.0 = Release|Win32
		{D613615A-6E32-48BD-8F41-C8B64A722E07}.Debug|x64.ActiveCfg = Debug|x64
		{D613615A-6E32-48BD-8F41-C8B64A722E07}.Debug|x64.Build.0 = Debug|x64
		{D613615A-6E32-48BD-8F41-C8B64A722E07}.Debug|x86.ActiveCfg = Debug|Win32
		{D613615A-6E32-48BD-8F41-C8B64A722E07}.Debug|x86.Build.0 = Debug|Win32
		{D613615A-6E32-48BD-8F41-C8B64A722E07}.Release|x64.ActiveCfg = Release|x64
		{D613615A-6E32-48BD-8F41-C8B64A722E07}.Release|x64.Build.0 = Release|x64
		{D613615A-6E32-48BD-8F41-C8B64A722E07}.Release|x86.ActiveCfg = Release|Win32
		{D613615A-6E32-48BD-8F41-C8B64A722E07}.Release|x86.Build.0 = Release|Win32
	EndGlobalSection
	GlobalSection(SolutionProperties) = preSolution
		HideSolutionNode = FALSE
	EndGlobalSection
	GlobalSection(ExtensibilityGlobals) = postSolution
		SolutionGuid = {939931C6-4A65-4A26-BEC4-D02DACA44FEA}
	EndGlobalSection
EndGlobal
